
Microsoft Visual Studio Solution File, Format Version 12.00
# Visual Studio Version 16
VisualStudioVersion = 16.0.31025.218
MinimumVisualStudioVersion = 10.0.40219.1
Project("{9092AA53-FB77-4645-B42D-1CCCA6BD08BD}") = "VuejsEnergyMeter", "VuejsEnergyMeter\VuejsEnergyMeter.njsproj", "{16ED0418-C70E-486F-98F5-F033AF22B424}"
EndProject
Global
	GlobalSection(SolutionConfigurationPlatforms) = preSolution
		Debug|Any CPU = Debug|Any CPU
		Release|Any CPU = Release|Any CPU
	EndGlobalSection
	GlobalSection(ProjectConfigurationPlatforms) = postSolution
		{16ED0418-C70E-486F-98F5-F033AF22B424}.Debug|Any CPU.ActiveCfg = Debug|Any CPU
		{16ED0418-C70E-486F-98F5-F033AF22B424}.Debug|Any CPU.Build.0 = Debug|Any CPU
		{16ED0418-C70E-486F-98F5-F033AF22B424}.Release|Any CPU.ActiveCfg = Release|Any CPU
		{16ED0418-C70E-486F-98F5-F033AF22B424}.Release|Any CPU.Build.0 = Release|Any CPU
	EndGlobalSection
	GlobalSection(SolutionProperties) = preSolution
		HideSolutionNode = FALSE
	EndGlobalSection
	GlobalSection(ExtensibilityGlobals) = postSolution
		SolutionGuid = {B2F1A509-F220-4445-9911-AE4904483FB2}
	EndGlobalSection
EndGlobal
